PODS:
  - flutter_quick_video_encoder (0.0.1):
    - FlutterMacOS
  - FlutterMacOS (1.0.0)

DEPENDENCIES:
  - flutter_quick_video_encoder (from `Flutter/ephemeral/.symlinks/plugins/flutter_quick_video_encoder/macos`)
  - FlutterMacOS (from `Flutter/ephemeral`)

EXTERNAL SOURCES:
  flutter_quick_video_encoder:
    :path: Flutter/ephemeral/.symlinks/plugins/flutter_quick_video_encoder/macos
  FlutterMacOS:
    :path: Flutter/ephemeral

SPEC CHECKSUMS:
  flutter_quick_video_encoder: efd77d113a3c1c93b1268a2012d96a21067b7bdb
  FlutterMacOS: c232990155153907050900a2e175c7773903ba4e

PODFILE CHECKSUM: a2dfb9f6cdfb081fad3af5a850839ee89d5bef24

COCOAPODS: 1.16.2
