PODS:
  - Flutter (1.0.0)
  - flutter_midi_command_darwin (1.0.0):
    - Flutter
    - FlutterMacOS
  - flutter_secure_storage_darwin (10.0.0):
    - Flutter
    - FlutterMacOS
  - flutter_soloud (0.0.1):
    - Flutter
  - in_app_purchase_storekit (0.0.1):
    - Flutter
    - FlutterMacOS

DEPENDENCIES:
  - Flutter (from `Flutter`)
  - flutter_midi_command_darwin (from `.symlinks/plugins/flutter_midi_command_darwin/darwin`)
  - flutter_secure_storage_darwin (from `.symlinks/plugins/flutter_secure_storage_darwin/darwin`)
  - flutter_soloud (from `.symlinks/plugins/flutter_soloud/ios`)
  - in_app_purchase_storekit (from `.symlinks/plugins/in_app_purchase_storekit/darwin`)

EXTERNAL SOURCES:
  Flutter:
    :path: Flutter
  flutter_midi_command_darwin:
    :path: ".symlinks/plugins/flutter_midi_command_darwin/darwin"
  flutter_secure_storage_darwin:
    :path: ".symlinks/plugins/flutter_secure_storage_darwin/darwin"
  flutter_soloud:
    :path: ".symlinks/plugins/flutter_soloud/ios"
  in_app_purchase_storekit:
    :path: ".symlinks/plugins/in_app_purchase_storekit/darwin"

SPEC CHECKSUMS:
  Flutter: cabc95a1d2626b1b06e7179b784ebcf0c0cde467
  flutter_midi_command_darwin: 6afc0c0eb03f1a60a8a1704240e3bcfe68b76a51
  flutter_secure_storage_darwin: acdb3f316ed05a3e68f856e0353b133eec373a23
  flutter_soloud: d9969a9777b511239e85da6e108e05b429207baf
  in_app_purchase_storekit: 22cca7d08eebca9babdf4d07d0baccb73325d3c8

PODFILE CHECKSUM: 5933b8d7d351f22b1bf8248a949f9fd994ed0b41

COCOAPODS: 1.16.2
